
Microsoft Visual Studio Solution File, Format Version 12.00
# Visual Studio Version 17
VisualStudioVersion = 17.9.34607.119
MinimumVisualStudioVersion = 10.0.40219.1
Project("{FAE04EC0-301F-11D3-BF4B-00C04F79EFBC}") = "KafkaMonitor", "KafkaMonitor\KafkaMonitor.csproj", "{53F66639-7FA2-4F48-AF8C-95D0A803C0D6}"
EndProject
Global
	GlobalSection(SolutionConfigurationPlatforms) = preSolution
		Debug|Any CPU = Debug|Any CPU
		Release|Any CPU = Release|Any CPU
	EndGlobalSection
	GlobalSection(ProjectConfigurationPlatforms) = postSolution
		{53F66639-7FA2-4F48-AF8C-95D0A803C0D6}.Debug|Any CPU.ActiveCfg = Debug|Any CPU
		{53F66639-7FA2-4F48-AF8C-95D0A803C0D6}.Debug|Any CPU.Build.0 = Debug|Any CPU
		{53F66639-7FA2-4F48-AF8C-95D0A803C0D6}.Release|Any CPU.ActiveCfg = Release|Any CPU
		{53F66639-7FA2-4F48-AF8C-95D0A803C0D6}.Release|Any CPU.Build.0 = Release|Any CPU
	EndGlobalSection
	GlobalSection(SolutionProperties) = preSolution
		HideSolutionNode = FALSE
	EndGlobalSection
	GlobalSection(ExtensibilityGlobals) = postSolution
		SolutionGuid = {134AF8BA-B370-4018-B706-CDA8271FD63B}
	EndGlobalSection
EndGlobal
